
Microsoft Visual Studio Solution File, Format Version 12.00
# Visual Studio Version 17
VisualStudioVersion = 17.4.33027.239
MinimumVisualStudioVersion = 10.0.40219.1
Project("{9A19103F-16F7-4668-BE54-9A1E7A4F7556}") = "WinUISample.Applicationz", "src\WinUISample.Applicationz\WinUISample.Applicationz.csproj", "{024D6669-C29E-4B1A-B897-295FC170B806}"
EndProject
Project("{2150E333-8FDC-42A3-9474-1A3956D46DE8}") = "src", "src", "{191D23D6-51F8-4851-9E20-79DA664292C7}"
EndProject
Project("{2150E333-8FDC-42A3-9474-1A3956D46DE8}") = "test", "test", "{CF132E1E-1D59-4464-8504-3274A720D5CE}"
EndProject
Project("{2150E333-8FDC-42A3-9474-1A3956D46DE8}") = "solution items", "solution items", "{F69A4B27-EF15-4B29-B272-C8A322F2074F}"
EndProject
Project("{C7167F0D-BC9F-4E6E-AFE1-012C56B48DB5}") = "SampleApp (Package)", "src\UI\SampleApp\SampleApp (Package)\SampleApp (Package).wapproj", "{E0E602E4-DE71-46FB-BFE3-F64B8E5198D4}"
EndProject
Project("{9A19103F-16F7-4668-BE54-9A1E7A4F7556}") = "SampleApp", "src\UI\SampleApp\SampleApp\SampleApp.csproj", "{1F0E6D9D-A5F4-42B5-870E-49CE025AFC69}"
EndProject
Project("{2150E333-8FDC-42A3-9474-1A3956D46DE8}") = "UI", "UI", "{1759E687-6378-4948-8F04-49D450BF38D2}"
EndProject
Project("{9A19103F-16F7-4668-BE54-9A1E7A4F7556}") = "WinUISample.Infrastructure", "src\WinUISample.Infrastructure\WinUISample.Infrastructure.csproj", "{0744D926-ECDF-4F59-B089-9E32D5ADF826}"
EndProject
Project("{9A19103F-16F7-4668-BE54-9A1E7A4F7556}") = "WinUISample.Domain", "src\WinUISample.Domain\WinUISample.Domain.csproj", "{81990512-9BF2-4FD3-9A02-B882426ABDFF}"
EndProject
Global
	GlobalSection(SolutionConfigurationPlatforms) = preSolution
		Debug|Any CPU = Debug|Any CPU
		Debug|arm64 = Debug|arm64
		Debug|x64 = Debug|x64
		Debug|x86 = Debug|x86
		Release|Any CPU = Release|Any CPU
		Release|arm64 = Release|arm64
		Release|x64 = Release|x64
		Release|x86 = Release|x86
	EndGlobalSection
	GlobalSection(ProjectConfigurationPlatforms) = postSolution
		{024D6669-C29E-4B1A-B897-295FC170B806}.Debug|Any CPU.ActiveCfg = Debug|Any CPU
		{024D6669-C29E-4B1A-B897-295FC170B806}.Debug|Any CPU.Build.0 = Debug|Any CPU
		{024D6669-C29E-4B1A-B897-295FC170B806}.Debug|arm64.ActiveCfg = Debug|Any CPU
		{024D6669-C29E-4B1A-B897-295FC170B806}.Debug|arm64.Build.0 = Debug|Any CPU
		{024D6669-C29E-4B1A-B897-295FC170B806}.Debug|x64.ActiveCfg = Debug|Any CPU
		{024D6669-C29E-4B1A-B897-295FC170B806}.Debug|x64.Build.0 = Debug|Any CPU
		{024D6669-C29E-4B1A-B897-295FC170B806}.Debug|x86.ActiveCfg = Debug|Any CPU
		{024D6669-C29E-4B1A-B897-295FC170B806}.Debug|x86.Build.0 = Debug|Any CPU
		{024D6669-C29E-4B1A-B897-295FC170B806}.Release|Any CPU.ActiveCfg = Release|Any CPU
		{024D6669-C29E-4B1A-B897-295FC170B806}.Release|Any CPU.Build.0 = Release|Any CPU
		{024D6669-C29E-4B1A-B897-295FC170B806}.Release|arm64.ActiveCfg = Release|Any CPU
		{024D6669-C29E-4B1A-B897-295FC170B806}.Release|arm64.Build.0 = Release|Any CPU
		{024D6669-C29E-4B1A-B897-295FC170B806}.Release|x64.ActiveCfg = Release|Any CPU
		{024D6669-C29E-4B1A-B897-295FC170B806}.Release|x64.Build.0 = Release|Any CPU
		{024D6669-C29E-4B1A-B897-295FC170B806}.Release|x86.ActiveCfg = Release|Any CPU
		{024D6669-C29E-4B1A-B897-295FC170B806}.Release|x86.Build.0 = Release|Any CPU
		{E0E602E4-DE71-46FB-BFE3-F64B8E5198D4}.Debug|Any CPU.ActiveCfg = Debug|x64
		{E0E602E4-DE71-46FB-BFE3-F64B8E5198D4}.Debug|Any CPU.Build.0 = Debug|x64
		{E0E602E4-DE71-46FB-BFE3-F64B8E5198D4}.Debug|Any CPU.Deploy.0 = Debug|x64
		{E0E602E4-DE71-46FB-BFE3-F64B8E5198D4}.Debug|arm64.ActiveCfg = Debug|arm64
		{E0E602E4-DE71-46FB-BFE3-F64B8E5198D4}.Debug|arm64.Build.0 = Debug|arm64
		{E0E602E4-DE71-46FB-BFE3-F64B8E5198D4}.Debug|arm64.Deploy.0 = Debug|arm64
		{E0E602E4-DE71-46FB-BFE3-F64B8E5198D4}.Debug|x64.ActiveCfg = Debug|x64
		{E0E602E4-DE71-46FB-BFE3-F64B8E5198D4}.Debug|x64.Build.0 = Debug|x64
		{E0E602E4-DE71-46FB-BFE3-F64B8E5198D4}.Debug|x64.Deploy.0 = Debug|x64
		{E0E602E4-DE71-46FB-BFE3-F64B8E5198D4}.Debug|x86.ActiveCfg = Debug|x86
		{E0E602E4-DE71-46FB-BFE3-F64B8E5198D4}.Debug|x86.Build.0 = Debug|x86
		{E0E602E4-DE71-46FB-BFE3-F64B8E5198D4}.Debug|x86.Deploy.0 = Debug|x86
		{E0E602E4-DE71-46FB-BFE3-F64B8E5198D4}.Release|Any CPU.ActiveCfg = Release|x64
		{E0E602E4-DE71-46FB-BFE3-F64B8E5198D4}.Release|Any CPU.Build.0 = Release|x64
		{E0E602E4-DE71-46FB-BFE3-F64B8E5198D4}.Release|Any CPU.Deploy.0 = Release|x64
		{E0E602E4-DE71-46FB-BFE3-F64B8E5198D4}.Release|arm64.ActiveCfg = Release|arm64
		{E0E602E4-DE71-46FB-BFE3-F64B8E5198D4}.Release|arm64.Build.0 = Release|arm64
		{E0E602E4-DE71-46FB-BFE3-F64B8E5198D4}.Release|arm64.Deploy.0 = Release|arm64
		{E0E602E4-DE71-46FB-BFE3-F64B8E5198D4}.Release|x64.ActiveCfg = Release|x64
		{E0E602E4-DE71-46FB-BFE3-F64B8E5198D4}.Release|x64.Build.0 = Release|x64
		{E0E602E4-DE71-46FB-BFE3-F64B8E5198D4}.Release|x64.Deploy.0 = Release|x64
		{E0E602E4-DE71-46FB-BFE3-F64B8E5198D4}.Release|x86.ActiveCfg = Release|x86
		{E0E602E4-DE71-46FB-BFE3-F64B8E5198D4}.Release|x86.Build.0 = Release|x86
		{E0E602E4-DE71-46FB-BFE3-F64B8E5198D4}.Release|x86.Deploy.0 = Release|x86
		{1F0E6D9D-A5F4-42B5-870E-49CE025AFC69}.Debug|Any CPU.ActiveCfg = Debug|x64
		{1F0E6D9D-A5F4-42B5-870E-49CE025AFC69}.Debug|Any CPU.Build.0 = Debug|x64
		{1F0E6D9D-A5F4-42B5-870E-49CE025AFC69}.Debug|arm64.ActiveCfg = Debug|arm64
		{1F0E6D9D-A5F4-42B5-870E-49CE025AFC69}.Debug|arm64.Build.0 = Debug|arm64
		{1F0E6D9D-A5F4-42B5-870E-49CE025AFC69}.Debug|x64.ActiveCfg = Debug|x64
		{1F0E6D9D-A5F4-42B5-870E-49CE025AFC69}.Debug|x64.Build.0 = Debug|x64
		{1F0E6D9D-A5F4-42B5-870E-49CE025AFC69}.Debug|x86.ActiveCfg = Debug|x86
		{1F0E6D9D-A5F4-42B5-870E-49CE025AFC69}.Debug|x86.Build.0 = Debug|x86
		{1F0E6D9D-A5F4-42B5-870E-49CE025AFC69}.Release|Any CPU.ActiveCfg = Release|x64
		{1F0E6D9D-A5F4-42B5-870E-49CE025AFC69}.Release|Any CPU.Build.0 = Release|x64
		{1F0E6D9D-A5F4-42B5-870E-49CE025AFC69}.Release|arm64.ActiveCfg = Release|arm64
		{1F0E6D9D-A5F4-42B5-870E-49CE025AFC69}.Release|arm64.Build.0 = Release|arm64
		{1F0E6D9D-A5F4-42B5-870E-49CE025AFC69}.Release|x64.ActiveCfg = Release|x64
		{1F0E6D9D-A5F4-42B5-870E-49CE025AFC69}.Release|x64.Build.0 = Release|x64
		{1F0E6D9D-A5F4-42B5-870E-49CE025AFC69}.Release|x86.ActiveCfg = Release|x86
		{1F0E6D9D-A5F4-42B5-870E-49CE025AFC69}.Release|x86.Build.0 = Release|x86
		{0744D926-ECDF-4F59-B089-9E32D5ADF826}.Debug|Any CPU.ActiveCfg = Debug|Any CPU
		{0744D926-ECDF-4F59-B089-9E32D5ADF826}.Debug|Any CPU.Build.0 = Debug|Any CPU
		{0744D926-ECDF-4F59-B089-9E32D5ADF826}.Debug|arm64.ActiveCfg = Debug|Any CPU
		{0744D926-ECDF-4F59-B089-9E32D5ADF826}.Debug|arm64.Build.0 = Debug|Any CPU
		{0744D926-ECDF-4F59-B089-9E32D5ADF826}.Debug|x64.ActiveCfg = Debug|Any CPU
		{0744D926-ECDF-4F59-B089-9E32D5ADF826}.Debug|x64.Build.0 = Debug|Any CPU
		{0744D926-ECDF-4F59-B089-9E32D5ADF826}.Debug|x86.ActiveCfg = Debug|Any CPU
		{0744D926-ECDF-4F59-B089-9E32D5ADF826}.Debug|x86.Build.0 = Debug|Any CPU
		{0744D926-ECDF-4F59-B089-9E32D5ADF826}.Release|Any CPU.ActiveCfg = Release|Any CPU
		{0744D926-ECDF-4F59-B089-9E32D5ADF826}.Release|Any CPU.Build.0 = Release|Any CPU
		{0744D926-ECDF-4F59-B089-9E32D5ADF826}.Release|arm64.ActiveCfg = Release|Any CPU
		{0744D926-ECDF-4F59-B089-9E32D5ADF826}.Release|arm64.Build.0 = Release|Any CPU
		{0744D926-ECDF-4F59-B089-9E32D5ADF826}.Release|x64.ActiveCfg = Release|Any CPU
		{0744D926-ECDF-4F59-B089-9E32D5ADF826}.Release|x64.Build.0 = Release|Any CPU
		{0744D926-ECDF-4F59-B089-9E32D5ADF826}.Release|x86.ActiveCfg = Release|Any CPU
		{0744D926-ECDF-4F59-B089-9E32D5ADF826}.Release|x86.Build.0 = Release|Any CPU
		{81990512-9BF2-4FD3-9A02-B882426ABDFF}.Debug|Any CPU.ActiveCfg = Debug|Any CPU
		{81990512-9BF2-4FD3-9A02-B882426ABDFF}.Debug|Any CPU.Build.0 = Debug|Any CPU
		{81990512-9BF2-4FD3-9A02-B882426ABDFF}.Debug|arm64.ActiveCfg = Debug|Any CPU
		{81990512-9BF2-4FD3-9A02-B882426ABDFF}.Debug|arm64.Build.0 = Debug|Any CPU
		{81990512-9BF2-4FD3-9A02-B882426ABDFF}.Debug|x64.ActiveCfg = Debug|Any CPU
		{81990512-9BF2-4FD3-9A02-B882426ABDFF}.Debug|x64.Build.0 = Debug|Any CPU
		{81990512-9BF2-4FD3-9A02-B882426ABDFF}.Debug|x86.ActiveCfg = Debug|Any CPU
		{81990512-9BF2-4FD3-9A02-B882426ABDFF}.Debug|x86.Build.0 = Debug|Any CPU
		{81990512-9BF2-4FD3-9A02-B882426ABDFF}.Release|Any CPU.ActiveCfg = Release|Any CPU
		{81990512-9BF2-4FD3-9A02-B882426ABDFF}.Release|Any CPU.Build.0 = Release|Any CPU
		{81990512-9BF2-4FD3-9A02-B882426ABDFF}.Release|arm64.ActiveCfg = Release|Any CPU
		{81990512-9BF2-4FD3-9A02-B882426ABDFF}.Release|arm64.Build.0 = Release|Any CPU
		{81990512-9BF2-4FD3-9A02-B882426ABDFF}.Release|x64.ActiveCfg = Release|Any CPU
		{81990512-9BF2-4FD3-9A02-B882426ABDFF}.Release|x64.Build.0 = Release|Any CPU
		{81990512-9BF2-4FD3-9A02-B882426ABDFF}.Release|x86.ActiveCfg = Release|Any CPU
		{81990512-9BF2-4FD3-9A02-B882426ABDFF}.Release|x86.Build.0 = Release|Any CPU
	EndGlobalSection
	GlobalSection(SolutionProperties) = preSolution
		HideSolutionNode = FALSE
	EndGlobalSection
	GlobalSection(NestedProjects) = preSolution
		{024D6669-C29E-4B1A-B897-295FC170B806} = {191D23D6-51F8-4851-9E20-79DA664292C7}
		{E0E602E4-DE71-46FB-BFE3-F64B8E5198D4} = {1759E687-6378-4948-8F04-49D450BF38D2}
		{1F0E6D9D-A5F4-42B5-870E-49CE025AFC69} = {1759E687-6378-4948-8F04-49D450BF38D2}
		{1759E687-6378-4948-8F04-49D450BF38D2} = {191D23D6-51F8-4851-9E20-79DA664292C7}
		{0744D926-ECDF-4F59-B089-9E32D5ADF826} = {191D23D6-51F8-4851-9E20-79DA664292C7}
		{81990512-9BF2-4FD3-9A02-B882426ABDFF} = {191D23D6-51F8-4851-9E20-79DA664292C7}
	EndGlobalSection
	GlobalSection(ExtensibilityGlobals) = postSolution
		SolutionGuid = {A6239AFC-A90E-4007-91C6-6BA60CE67285}
	EndGlobalSection
EndGlobal
